// !$*UTF8*$!
{
	archiveVersion = 1;
	classes = {
	};
	objectVersion = 56;
	objects = {

/* Begin PBXBuildFile section */
		1C05CB002D8D77C0006504E1 /* GridDetailView.swift in Sources */ = {isa = PBXBuildFile; fileRef = 1C05CAFF2D8D77C0006504E1 /* GridDetailView.swift */; };
		1C05CB032D90FE65006504E1 /* GridUIViewAdaptor.swift in Sources */ = {isa = PBXBuildFile; fileRef = 1C05CB022D90FE65006504E1 /* GridUIViewAdaptor.swift */; };
		1C05CB052D90FF57006504E1 /* GridListView.swift in Sources */ = {isa = PBXBuildFile; fileRef = 1C05CB042D90FF57006504E1 /* GridListView.swift */; };
		1C1C4D992D78539F002AF272 /* TestPathView.swift in Sources */ = {isa = PBXBuildFile; fileRef = 1C1C4D982D78539B002AF272 /* TestPathView.swift */; };
		1C2D94E72D5DC78B00130FBB /* AppDelegate.swift in Sources */ = {isa = PBXBuildFile; fileRef = 1C2D94E62D5DC78B00130FBB /* AppDelegate.swift */; };
		1C2D94EB2D5DC78B00130FBB /* GridListController.swift in Sources */ = {isa = PBXBuildFile; fileRef = 1C2D94EA2D5DC78B00130FBB /* GridListController.swift */; };
		1C2D94F02D5DC78C00130FBB /* Assets.xcassets in Resources */ = {isa = PBXBuildFile; fileRef = 1C2D94EF2D5DC78C00130FBB /* Assets.xcassets */; };
		1C2D94F32D5DC78C00130FBB /* Base in Resources */ = {isa = PBXBuildFile; fileRef = 1C2D94F22D5DC78C00130FBB /* Base */; };
		1C2D94FC2D5DD4FA00130FBB /* PhotoGridView.swift in Sources */ = {isa = PBXBuildFile; fileRef = 1C2D94FB2D5DD4FA00130FBB /* PhotoGridView.swift */; };
		1C2D94FF2D5DE5D300130FBB /* SnapKit in Frameworks */ = {isa = PBXBuildFile; productRef = 1C2D94FE2D5DE5D300130FBB /* SnapKit */; };
		1C2D95012D5DEB4700130FBB /* MathTools.swift in Sources */ = {isa = PBXBuildFile; fileRef = 1C2D95002D5DEB4700130FBB /* MathTools.swift */; };
		1C2D95032D5DFFF200130FBB /* MaskPolygonView.swift in Sources */ = {isa = PBXBuildFile; fileRef = 1C2D95022D5DFFF200130FBB /* MaskPolygonView.swift */; };
		1C2D95052D5F2EAA00130FBB /* PresetColors.swift in Sources */ = {isa = PBXBuildFile; fileRef = 1C2D95042D5F2EAA00130FBB /* PresetColors.swift */; };
		1C2D95072D5F4E4300130FBB /* ShapeOverlayView.swift in Sources */ = {isa = PBXBuildFile; fileRef = 1C2D95062D5F4E4300130FBB /* ShapeOverlayView.swift */; };
		1C2D95092D5F501B00130FBB /* GridItem.swift in Sources */ = {isa = PBXBuildFile; fileRef = 1C2D95082D5F501B00130FBB /* GridItem.swift */; };
		1C5C21EE2D77FBAD00E29785 /* SceneDelegate.swift in Sources */ = {isa = PBXBuildFile; fileRef = 1C5C21ED2D77FBAD00E29785 /* SceneDelegate.swift */; };
		1CB3526F2D8BB8C9000056EC /* ModifySelfProtocol.swift in Sources */ = {isa = PBXBuildFile; fileRef = 1CB3526E2D8BB8C9000056EC /* ModifySelfProtocol.swift */; };
		1CD622E92D704510006F0B25 /* DragControl.swift in Sources */ = {isa = PBXBuildFile; fileRef = 1CD622E82D704510006F0B25 /* DragControl.swift */; };
		1CD622EB2D7598E5006F0B25 /* GridViewController.swift in Sources */ = {isa = PBXBuildFile; fileRef = 1CD622EA2D7598E5006F0B25 /* GridViewController.swift */; };
		1CD622ED2D759B47006F0B25 /* CollectionViewCell.swift in Sources */ = {isa = PBXBuildFile; fileRef = 1CD622EC2D759B47006F0B25 /* CollectionViewCell.swift */; };
/* End PBXBuildFile section */

/* Begin PBXFileReference section */
		1C05CAFF2D8D77C0006504E1 /* GridDetailView.swift */ = {isa = PBXFileReference; lastKnownFileType = sourcecode.swift; path = GridDetailView.swift; sourceTree = "<group>"; };
		1C05CB022D90FE65006504E1 /* GridUIViewAdaptor.swift */ = {isa = PBXFileReference; lastKnownFileType = sourcecode.swift; path = GridUIViewAdaptor.swift; sourceTree = "<group>"; };
		1C05CB042D90FF57006504E1 /* GridListView.swift */ = {isa = PBXFileReference; lastKnownFileType = sourcecode.swift; path = GridListView.swift; sourceTree = "<group>"; };
		1C1C4D982D78539B002AF272 /* TestPathView.swift */ = {isa = PBXFileReference; lastKnownFileType = sourcecode.swift; path = TestPathView.swift; sourceTree = "<group>"; };
		1C1C4DD72D7E83C0002AF272 /* testimg.jpg */ = {isa = PBXFileReference; lastKnownFileType = image.jpeg; path = testimg.jpg; sourceTree = "<group>"; };
		1C2D94E32D5DC78B00130FBB /* PhotoGridTest.app */ = {isa = PBXFileReference; explicitFileType = wrapper.application; includeInIndex = 0; path = PhotoGridTest.app; sourceTree = BUILT_PRODUCTS_DIR; };
		1C2D94E62D5DC78B00130FBB /* AppDelegate.swift */ = {isa = PBXFileReference; lastKnownFileType = sourcecode.swift; path = AppDelegate.swift; sourceTree = "<group>"; };
		1C2D94EA2D5DC78B00130FBB /* GridListController.swift */ = {isa = PBXFileReference; lastKnownFileType = sourcecode.swift; path = GridListController.swift; sourceTree = "<group>"; };
		1C2D94EF2D5DC78C00130FBB /* Assets.xcassets */ = {isa = PBXFileReference; lastKnownFileType = folder.assetcatalog; path = Assets.xcassets; sourceTree = "<group>"; };
		1C2D94F22D5DC78C00130FBB /* Base */ = {isa = PBXFileReference; lastKnownFileType = file.storyboard; name = Base; path = Base.lproj/LaunchScreen.storyboard; sourceTree = "<group>"; };
		1C2D94F42D5DC78C00130FBB /* Info.plist */ = {isa = PBXFileReference; lastKnownFileType = text.plist.xml; path = Info.plist; sourceTree = "<group>"; };
		1C2D94FB2D5DD4FA00130FBB /* PhotoGridView.swift */ = {isa = PBXFileReference; lastKnownFileType = sourcecode.swift; path = PhotoGridView.swift; sourceTree = "<group>"; };
		1C2D95002D5DEB4700130FBB /* MathTools.swift */ = {isa = PBXFileReference; lastKnownFileType = sourcecode.swift; path = MathTools.swift; sourceTree = "<group>"; };
		1C2D95022D5DFFF200130FBB /* MaskPolygonView.swift */ = {isa = PBXFileReference; lastKnownFileType = sourcecode.swift; path = MaskPolygonView.swift; sourceTree = "<group>"; };
		1C2D95042D5F2EAA00130FBB /* PresetColors.swift */ = {isa = PBXFileReference; lastKnownFileType = sourcecode.swift; path = PresetColors.swift; sourceTree = "<group>"; };
		1C2D95062D5F4E4300130FBB /* ShapeOverlayView.swift */ = {isa = PBXFileReference; lastKnownFileType = sourcecode.swift; path = ShapeOverlayView.swift; sourceTree = "<group>"; };
		1C2D95082D5F501B00130FBB /* GridItem.swift */ = {isa = PBXFileReference; lastKnownFileType = sourcecode.swift; path = GridItem.swift; sourceTree = "<group>"; };
		1C2D950B2D5F56ED00130FBB /* README.md */ = {isa = PBXFileReference; lastKnownFileType = net.daringfireball.markdown; path = README.md; sourceTree = "<group>"; };
		1C5C21ED2D77FBAD00E29785 /* SceneDelegate.swift */ = {isa = PBXFileReference; lastKnownFileType = sourcecode.swift; path = SceneDelegate.swift; sourceTree = "<group>"; };
		1CB3526E2D8BB8C9000056EC /* ModifySelfProtocol.swift */ = {isa = PBXFileReference; lastKnownFileType = sourcecode.swift; path = ModifySelfProtocol.swift; sourceTree = "<group>"; };
		1CD622E82D704510006F0B25 /* DragControl.swift */ = {isa = PBXFileReference; lastKnownFileType = sourcecode.swift; path = DragControl.swift; sourceTree = "<group>"; };
		1CD622EA2D7598E5006F0B25 /* GridViewController.swift */ = {isa = PBXFileReference; lastKnownFileType = sourcecode.swift; path = GridViewController.swift; sourceTree = "<group>"; };
		1CD622EC2D759B47006F0B25 /* CollectionViewCell.swift */ = {isa = PBXFileReference; lastKnownFileType = sourcecode.swift; path = CollectionViewCell.swift; sourceTree = "<group>"; };
/* End PBXFileReference section */

/* Begin PBXFrameworksBuildPhase section */
		1C2D94E02D5DC78B00130FBB /* Frameworks */ = {
			isa = PBXFrameworksBuildPhase;
			buildActionMask = 2147483647;
			files = (
				1C2D94FF2D5DE5D300130FBB /* SnapKit in Frameworks */,
			);
			runOnlyForDeploymentPostprocessing = 0;
		};
/* End PBXFrameworksBuildPhase section */

/* Begin PBXGroup section */
		1C05CB062D913AA1006504E1 /* Swifti */ = {
			isa = PBXGroup;
			children = (
				1C05CB042D90FF57006504E1 /* GridListView.swift */,
				1C05CAFF2D8D77C0006504E1 /* GridDetailView.swift */,
				1C05CB022D90FE65006504E1 /* GridUIViewAdaptor.swift */,
			);
			path = Swifti;
			sourceTree = "<group>";
		};
		1C05CB072D913DBE006504E1 /* UIkit */ = {
			isa = PBXGroup;
			children = (
				1C1C4D982D78539B002AF272 /* TestPathView.swift */,
				1C2D94EA2D5DC78B00130FBB /* GridListController.swift */,
				1CD622EC2D759B47006F0B25 /* CollectionViewCell.swift */,
				1CD622EA2D7598E5006F0B25 /* GridViewController.swift */,
				1CB3526E2D8BB8C9000056EC /* ModifySelfProtocol.swift */,
			);
			path = UIkit;
			sourceTree = "<group>";
		};
		1C2D94DA2D5DC78B00130FBB = {
			isa = PBXGroup;
			children = (
				1C2D950B2D5F56ED00130FBB /* README.md */,
				1C1C4DD72D7E83C0002AF272 /* testimg.jpg */,
				1C2D94E52D5DC78B00130FBB /* PhotoGridTest */,
				1C2D94E42D5DC78B00130FBB /* Products */,
			);
			sourceTree = "<group>";
		};
		1C2D94E42D5DC78B00130FBB /* Products */ = {
			isa = PBXGroup;
			children = (
				1C2D94E32D5DC78B00130FBB /* PhotoGridTest.app */,
			);
			name = Products;
			sourceTree = "<group>";
		};
		1C2D94E52D5DC78B00130FBB /* PhotoGridTest */ = {
			isa = PBXGroup;
			children = (
				1C2D94FA2D5DC79400130FBB /* PhotoGridView */,
				1C2D94E62D5DC78B00130FBB /* AppDelegate.swift */,
				1C5C21ED2D77FBAD00E29785 /* SceneDelegate.swift */,
				1C05CB062D913AA1006504E1 /* Swifti */,
				1C05CB072D913DBE006504E1 /* UIkit */,
				1C2D94EF2D5DC78C00130FBB /* Assets.xcassets */,
				1C2D94F12D5DC78C00130FBB /* LaunchScreen.storyboard */,
				1C2D94F42D5DC78C00130FBB /* Info.plist */,
			);
			path = PhotoGridTest;
			sourceTree = "<group>";
		};
		1C2D94FA2D5DC79400130FBB /* PhotoGridView */ = {
			isa = PBXGroup;
			children = (
				1C2D94FB2D5DD4FA00130FBB /* PhotoGridView.swift */,
				1C2D95002D5DEB4700130FBB /* MathTools.swift */,
				1C2D95022D5DFFF200130FBB /* MaskPolygonView.swift */,
				1C2D95042D5F2EAA00130FBB /* PresetColors.swift */,
				1C2D95062D5F4E4300130FBB /* ShapeOverlayView.swift */,
				1C2D95082D5F501B00130FBB /* GridItem.swift */,
				1CD622E82D704510006F0B25 /* DragControl.swift */,
			);
			path = PhotoGridView;
			sourceTree = "<group>";
		};
/* End PBXGroup section */

/* Begin PBXNativeTarget section */
		1C2D94E22D5DC78B00130FBB /* PhotoGridTest */ = {
			isa = PBXNativeTarget;
			buildConfigurationList = 1C2D94F72D5DC78C00130FBB /* Build configuration list for PBXNativeTarget "PhotoGridTest" */;
			buildPhases = (
				1C2D94DF2D5DC78B00130FBB /* Sources */,
				1C2D94E02D5DC78B00130FBB /* Frameworks */,
				1C2D94E12D5DC78B00130FBB /* Resources */,
			);
			buildRules = (
			);
			dependencies = (
			);
			name = PhotoGridTest;
			packageProductDependencies = (
				1C2D94FE2D5DE5D300130FBB /* SnapKit */,
			);
			productName = PhotoGridTest;
			productReference = 1C2D94E32D5DC78B00130FBB /* PhotoGridTest.app */;
			productType = "com.apple.product-type.application";
		};
/* End PBXNativeTarget section */

/* Begin PBXProject section */
		1C2D94DB2D5DC78B00130FBB /* Project object */ = {
			isa = PBXProject;
			attributes = {
				BuildIndependentTargetsInParallel = 1;
				LastSwiftUpdateCheck = 1540;
				LastUpgradeCheck = 1540;
				TargetAttributes = {
					1C2D94E22D5DC78B00130FBB = {
						CreatedOnToolsVersion = 15.4;
					};
				};
			};
			buildConfigurationList = 1C2D94DE2D5DC78B00130FBB /* Build configuration list for PBXProject "PhotoGridTest" */;
			compatibilityVersion = "Xcode 14.0";
			developmentRegion = en;
			hasScannedForEncodings = 0;
			knownRegions = (
				en,
				Base,
			);
			mainGroup = 1C2D94DA2D5DC78B00130FBB;
			packageReferences = (
				1C2D94FD2D5DE5D300130FBB /* XCRemoteSwiftPackageReference "SnapKit" */,
			);
			productRefGroup = 1C2D94E42D5DC78B00130FBB /* Products */;
			projectDirPath = "";
			projectRoot = "";
			targets = (
				1C2D94E22D5DC78B00130FBB /* PhotoGridTest */,
			);
		};
/* End PBXProject section */

/* Begin PBXResourcesBuildPhase section */
		1C2D94E12D5DC78B00130FBB /* Resources */ = {
			isa = PBXResourcesBuildPhase;
			buildActionMask = 2147483647;
			files = (
				1C2D94F02D5DC78C00130FBB /* Assets.xcassets in Resources */,
				1C2D94F32D5DC78C00130FBB /* Base in Resources */,
			);
			runOnlyForDeploymentPostprocessing = 0;
		};
/* End PBXResourcesBuildPhase section */

/* Begin PBXSourcesBuildPhase section */
		1C2D94DF2D5DC78B00130FBB /* Sources */ = {
			isa = PBXSourcesBuildPhase;
			buildActionMask = 2147483647;
			files = (
				1CD622EB2D7598E5006F0B25 /* GridViewController.swift in Sources */,
				1C2D95092D5F501B00130FBB /* GridItem.swift in Sources */,
				1CD622ED2D759B47006F0B25 /* CollectionViewCell.swift in Sources */,
				1CB3526F2D8BB8C9000056EC /* ModifySelfProtocol.swift in Sources */,
				1C2D94EB2D5DC78B00130FBB /* GridListController.swift in Sources */,
				1C2D95052D5F2EAA00130FBB /* PresetColors.swift in Sources */,
				1C2D94FC2D5DD4FA00130FBB /* PhotoGridView.swift in Sources */,
				1C2D95032D5DFFF200130FBB /* MaskPolygonView.swift in Sources */,
				1C2D94E72D5DC78B00130FBB /* AppDelegate.swift in Sources */,
				1C2D95012D5DEB4700130FBB /* MathTools.swift in Sources */,
				1C2D95072D5F4E4300130FBB /* ShapeOverlayView.swift in Sources */,
				1C1C4D992D78539F002AF272 /* TestPathView.swift in Sources */,
				1C05CB032D90FE65006504E1 /* GridUIViewAdaptor.swift in Sources */,
				1C05CB052D90FF57006504E1 /* GridListView.swift in Sources */,
				1CD622E92D704510006F0B25 /* DragControl.swift in Sources */,
				1C5C21EE2D77FBAD00E29785 /* SceneDelegate.swift in Sources */,
				1C05CB002D8D77C0006504E1 /* GridDetailView.swift in Sources */,
			);
			runOnlyForDeploymentPostprocessing = 0;
		};
/* End PBXSourcesBuildPhase section */

/* Begin PBXVariantGroup section */
		1C2D94F12D5DC78C00130FBB /* LaunchScreen.storyboard */ = {
			isa = PBXVariantGroup;
			children = (
				1C2D94F22D5DC78C00130FBB /* Base */,
			);
			name = LaunchScreen.storyboard;
			sourceTree = "<group>";
		};
/* End PBXVariantGroup section */

/* Begin XCBuildConfiguration section */
		1C2D94F52D5DC78C00130FBB /* Debug */ = {
			isa = XCBuildConfiguration;
			buildSettings = {
				ALWAYS_SEARCH_USER_PATHS = NO;
				ASSETCATALOG_COMPILER_GENERATE_SWIFT_ASSET_SYMBOL_EXTENSIONS = YES;
				CLANG_ANALYZER_NONNULL = YES;
				CLANG_ANALYZER_NUMBER_OBJECT_CONVERSION = YES_AGGRESSIVE;
				CLANG_CXX_LANGUAGE_STANDARD = "gnu++20";
				CLANG_ENABLE_MODULES = YES;
				CLANG_ENABLE_OBJC_ARC = YES;
				CLANG_ENABLE_OBJC_WEAK = YES;
				CLANG_WARN_BLOCK_CAPTURE_AUTORELEASING = YES;
				CLANG_WARN_BOOL_CONVERSION = YES;
				CLANG_WARN_COMMA = YES;
				CLANG_WARN_CONSTANT_CONVERSION = YES;
				CLANG_WARN_DEPRECATED_OBJC_IMPLEMENTATIONS = YES;
				CLANG_WARN_DIRECT_OBJC_ISA_USAGE = YES_ERROR;
				CLANG_WARN_DOCUMENTATION_COMMENTS = YES;
				CLANG_WARN_EMPTY_BODY = YES;
				CLANG_WARN_ENUM_CONVERSION = YES;
				CLANG_WARN_INFINITE_RECURSION = YES;
				CLANG_WARN_INT_CONVERSION = YES;
				CLANG_WARN_NON_LITERAL_NULL_CONVERSION = YES;
				CLANG_WARN_OBJC_IMPLICIT_RETAIN_SELF = YES;
				CLANG_WARN_OBJC_LITERAL_CONVERSION = YES;
				CLANG_WARN_OBJC_ROOT_CLASS = YES_ERROR;
				CLANG_WARN_QUOTED_INCLUDE_IN_FRAMEWORK_HEADER = YES;
				CLANG_WARN_RANGE_LOOP_ANALYSIS = YES;
				CLANG_WARN_STRICT_PROTOTYPES = YES;
				CLANG_WARN_SUSPICIOUS_MOVE = YES;
				CLANG_WARN_UNGUARDED_AVAILABILITY = YES_AGGRESSIVE;
				CLANG_WARN_UNREACHABLE_CODE = YES;
				CLANG_WARN__DUPLICATE_METHOD_MATCH = YES;
				COPY_PHASE_STRIP = NO;
				DEBUG_INFORMATION_FORMAT = dwarf;
				ENABLE_STRICT_OBJC_MSGSEND = YES;
				ENABLE_TESTABILITY = YES;
				ENABLE_USER_SCRIPT_SANDBOXING = YES;
				GCC_C_LANGUAGE_STANDARD = gnu17;
				GCC_DYNAMIC_NO_PIC = NO;
				GCC_NO_COMMON_BLOCKS = YES;
				GCC_OPTIMIZATION_LEVEL = 0;
				GCC_PREPROCESSOR_DEFINITIONS = (
					"DEBUG=1",
					"$(inherited)",
				);
				GCC_WARN_64_TO_32_BIT_CONVERSION = YES;
				GCC_WARN_ABOUT_RETURN_TYPE = YES_ERROR;
				GCC_WARN_UNDECLARED_SELECTOR = YES;
				GCC_WARN_UNINITIALIZED_AUTOS = YES_AGGRESSIVE;
				GCC_WARN_UNUSED_FUNCTION = YES;
				GCC_WARN_UNUSED_VARIABLE = YES;
				IPHONEOS_DEPLOYMENT_TARGET = 17.5;
				LOCALIZATION_PREFERS_STRING_CATALOGS = YES;
				MTL_ENABLE_DEBUG_INFO = INCLUDE_SOURCE;
				MTL_FAST_MATH = YES;
				ONLY_ACTIVE_ARCH = YES;
				SDKROOT = iphoneos;
				SWIFT_ACTIVE_COMPILATION_CONDITIONS = "DEBUG $(inherited)";
				SWIFT_OPTIMIZATION_LEVEL = "-Onone";
			};
			name = Debug;
		};
		1C2D94F62D5DC78C00130FBB /* Release */ = {
			isa = XCBuildConfiguration;
			buildSettings = {
				ALWAYS_SEARCH_USER_PATHS = NO;
				ASSETCATALOG_COMPILER_GENERATE_SWIFT_ASSET_SYMBOL_EXTENSIONS = YES;
				CLANG_ANALYZER_NONNULL = YES;
				CLANG_ANALYZER_NUMBER_OBJECT_CONVERSION = YES_AGGRESSIVE;
				CLANG_CXX_LANGUAGE_STANDARD = "gnu++20";
				CLANG_ENABLE_MODULES = YES;
				CLANG_ENABLE_OBJC_ARC = YES;
				CLANG_ENABLE_OBJC_WEAK = YES;
				CLANG_WARN_BLOCK_CAPTURE_AUTORELEASING = YES;
				CLANG_WARN_BOOL_CONVERSION = YES;
				CLANG_WARN_COMMA = YES;
				CLANG_WARN_CONSTANT_CONVERSION = YES;
				CLANG_WARN_DEPRECATED_OBJC_IMPLEMENTATIONS = YES;
				CLANG_WARN_DIRECT_OBJC_ISA_USAGE = YES_ERROR;
				CLANG_WARN_DOCUMENTATION_COMMENTS = YES;
				CLANG_WARN_EMPTY_BODY = YES;
				CLANG_WARN_ENUM_CONVERSION = YES;
				CLANG_WARN_INFINITE_RECURSION = YES;
				CLANG_WARN_INT_CONVERSION = YES;
				CLANG_WARN_NON_LITERAL_NULL_CONVERSION = YES;
				CLANG_WARN_OBJC_IMPLICIT_RETAIN_SELF = YES;
				CLANG_WARN_OBJC_LITERAL_CONVERSION = YES;
				CLANG_WARN_OBJC_ROOT_CLASS = YES_ERROR;
				CLANG_WARN_QUOTED_INCLUDE_IN_FRAMEWORK_HEADER = YES;
				CLANG_WARN_RANGE_LOOP_ANALYSIS = YES;
				CLANG_WARN_STRICT_PROTOTYPES = YES;
				CLANG_WARN_SUSPICIOUS_MOVE = YES;
				CLANG_WARN_UNGUARDED_AVAILABILITY = YES_AGGRESSIVE;
				CLANG_WARN_UNREACHABLE_CODE = YES;
				CLANG_WARN__DUPLICATE_METHOD_MATCH = YES;
				COPY_PHASE_STRIP = NO;
				DEBUG_INFORMATION_FORMAT = "dwarf-with-dsym";
				ENABLE_NS_ASSERTIONS = NO;
				ENABLE_STRICT_OBJC_MSGSEND = YES;
				ENABLE_USER_SCRIPT_SANDBOXING = YES;
				GCC_C_LANGUAGE_STANDARD = gnu17;
				GCC_NO_COMMON_BLOCKS = YES;
				GCC_WARN_64_TO_32_BIT_CONVERSION = YES;
				GCC_WARN_ABOUT_RETURN_TYPE = YES_ERROR;
				GCC_WARN_UNDECLARED_SELECTOR = YES;
				GCC_WARN_UNINITIALIZED_AUTOS = YES_AGGRESSIVE;
				GCC_WARN_UNUSED_FUNCTION = YES;
				GCC_WARN_UNUSED_VARIABLE = YES;
				IPHONEOS_DEPLOYMENT_TARGET = 17.5;
				LOCALIZATION_PREFERS_STRING_CATALOGS = YES;
				MTL_ENABLE_DEBUG_INFO = NO;
				MTL_FAST_MATH = YES;
				SDKROOT = iphoneos;
				SWIFT_COMPILATION_MODE = wholemodule;
				VALIDATE_PRODUCT = YES;
			};
			name = Release;
		};
		1C2D94F82D5DC78C00130FBB /* Debug */ = {
			isa = XCBuildConfiguration;
			buildSettings = {
				ASSETCATALOG_COMPILER_APPICON_NAME = AppIcon;
				ASSETCATALOG_COMPILER_GLOBAL_ACCENT_COLOR_NAME = AccentColor;
				CODE_SIGN_STYLE = Automatic;
				CURRENT_PROJECT_VERSION = 1;
				DEVELOPMENT_TEAM = 3VZYV6W78T;
				GENERATE_INFOPLIST_FILE = YES;
				INFOPLIST_FILE = PhotoGridTest/Info.plist;
				INFOPLIST_KEY_UIApplicationSupportsIndirectInputEvents = YES;
				INFOPLIST_KEY_UILaunchStoryboardName = LaunchScreen;
				INFOPLIST_KEY_UISupportedInterfaceOrientations = UIInterfaceOrientationPortrait;
				INFOPLIST_KEY_UISupportedInterfaceOrientations_iPad = "UIInterfaceOrientationLandscapeLeft UIInterfaceOrientationLandscapeRight UIInterfaceOrientationPortrait UIInterfaceOrientationPortraitUpsideDown";
				IPHONEOS_DEPLOYMENT_TARGET = 17;
				LD_RUNPATH_SEARCH_PATHS = (
					"$(inherited)",
					"@executable_path/Frameworks",
				);
				MARKETING_VERSION = 1.0;
				PRODUCT_BUNDLE_IDENTIFIER = com.zjjstudio.PhotoGridTest;
				PRODUCT_NAME = "$(TARGET_NAME)";
				SUPPORTED_PLATFORMS = "iphoneos iphonesimulator";
				SUPPORTS_MACCATALYST = NO;
				SUPPORTS_MAC_DESIGNED_FOR_IPHONE_IPAD = NO;
				SUPPORTS_XR_DESIGNED_FOR_IPHONE_IPAD = NO;
				SWIFT_EMIT_LOC_STRINGS = YES;
				SWIFT_VERSION = 5.0;
				TARGETED_DEVICE_FAMILY = 1;
			};
			name = Debug;
		};
		1C2D94F92D5DC78C00130FBB /* Release */ = {
			isa = XCBuildConfiguration;
			buildSettings = {
				ASSETCATALOG_COMPILER_APPICON_NAME = AppIcon;
				ASSETCATALOG_COMPILER_GLOBAL_ACCENT_COLOR_NAME = AccentColor;
				CODE_SIGN_STYLE = Automatic;
				CURRENT_PROJECT_VERSION = 1;
				DEVELOPMENT_TEAM = 3VZYV6W78T;
				GENERATE_INFOPLIST_FILE = YES;
				INFOPLIST_FILE = PhotoGridTest/Info.plist;
				INFOPLIST_KEY_UIApplicationSupportsIndirectInputEvents = YES;
				INFOPLIST_KEY_UILaunchStoryboardName = LaunchScreen;
				INFOPLIST_KEY_UISupportedInterfaceOrientations = UIInterfaceOrientationPortrait;
				INFOPLIST_KEY_UISupportedInterfaceOrientations_iPad = "UIInterfaceOrientationLandscapeLeft UIInterfaceOrientationLandscapeRight UIInterfaceOrientationPortrait UIInterfaceOrientationPortraitUpsideDown";
				IPHONEOS_DEPLOYMENT_TARGET = 17;
				LD_RUNPATH_SEARCH_PATHS = (
					"$(inherited)",
					"@executable_path/Frameworks",
				);
				MARKETING_VERSION = 1.0;
				PRODUCT_BUNDLE_IDENTIFIER = com.zjjstudio.PhotoGridTest;
				PRODUCT_NAME = "$(TARGET_NAME)";
				SUPPORTED_PLATFORMS = "iphoneos iphonesimulator";
				SUPPORTS_MACCATALYST = NO;
				SUPPORTS_MAC_DESIGNED_FOR_IPHONE_IPAD = NO;
				SUPPORTS_XR_DESIGNED_FOR_IPHONE_IPAD = NO;
				SWIFT_EMIT_LOC_STRINGS = YES;
				SWIFT_VERSION = 5.0;
				TARGETED_DEVICE_FAMILY = 1;
			};
			name = Release;
		};
/* End XCBuildConfiguration section */

/* Begin XCConfigurationList section */
		1C2D94DE2D5DC78B00130FBB /* Build configuration list for PBXProject "PhotoGridTest" */ = {
			isa = XCConfigurationList;
			buildConfigurations = (
				1C2D94F52D5DC78C00130FBB /* Debug */,
				1C2D94F62D5DC78C00130FBB /* Release */,
			);
			defaultConfigurationIsVisible = 0;
			defaultConfigurationName = Release;
		};
		1C2D94F72D5DC78C00130FBB /* Build configuration list for PBXNativeTarget "PhotoGridTest" */ = {
			isa = XCConfigurationList;
			buildConfigurations = (
				1C2D94F82D5DC78C00130FBB /* Debug */,
				1C2D94F92D5DC78C00130FBB /* Release */,
			);
			defaultConfigurationIsVisible = 0;
			defaultConfigurationName = Release;
		};
/* End XCConfigurationList section */

/* Begin XCRemoteSwiftPackageReference section */
		1C2D94FD2D5DE5D300130FBB /* XCRemoteSwiftPackageReference "SnapKit" */ = {
			isa = XCRemoteSwiftPackageReference;
			repositoryURL = "https://github.com/SnapKit/SnapKit.git";
			requirement = {
				kind = upToNextMajorVersion;
				minimumVersion = 5.7.1;
			};
		};
/* End XCRemoteSwiftPackageReference section */

/* Begin XCSwiftPackageProductDependency section */
		1C2D94FE2D5DE5D300130FBB /* SnapKit */ = {
			isa = XCSwiftPackageProductDependency;
			package = 1C2D94FD2D5DE5D300130FBB /* XCRemoteSwiftPackageReference "SnapKit" */;
			productName = SnapKit;
		};
/* End XCSwiftPackageProductDependency section */
	};
	rootObject = 1C2D94DB2D5DC78B00130FBB /* Project object */;
}
